{
    "_meta": {
        "hash": {
            "sha256": "fb18d5350ea5fc9e7e04b567d911da271bba36f5c6d90e0f3764ee66d95e2fd8"
        },
        "pipfile-spec": 6,
        "requires": {
            "python_version": "3.6"
        },
        "sources": [
            {
                "name": "pypi",
                "url": "https://pypi.org/simple",
                "verify_ssl": true
            }
        ]
    },
    "default": {
        "colorlog": {
            "hashes": [
                "sha256:30aaef5ab2a1873dec5da38fd6ba568fa761c9fa10b40241027fa3edea47f3d2",
                "sha256:732c191ebbe9a353ec160d043d02c64ddef9028de8caae4cfa8bd49b6afed53e"
            ],
            "index": "pypi",
            "version": "==4.1.0"
        }
    },
    "develop": {}
}
